// !$*UTF8*$!
{
	archiveVersion = 1;
	classes = {
	};
	objectVersion = 46;
	objects = {

/* Begin PBXBuildFile section */
		FA3838081E9603970006F5C2 /* functions.cpp in Sources */ = {isa = PBXBuildFile; fileRef = FA3838061E9603970006F5C2 /* functions.cpp */; };
		FAE77D781E8CC4F200342DE7 /* main.cpp in Sources */ = {isa = PBXBuildFile; fileRef = FAE77D771E8CC4F200342DE7 /* main.cpp */; };
/* End PBXBuildFile section */

/* Begin PBXCopyFilesBuildPhase section */
		FAE77D721E8CC4F200342DE7 /* CopyFiles */ = {
			isa = PBXCopyFilesBuildPhase;
			buildActionMask = 2147483647;
			dstPath = /usr/share/man/man1/;
			dstSubfolderSpec = 0;
			files = (
			);
			runOnlyForDeploymentPostprocessing = 1;
		};
/* End PBXCopyFilesBuildPhase section */

/* Begin PBXFileReference section */
		FA3838061E9603970006F5C2 /* functions.cpp */ = {isa = PBXFileReference; fileEncoding = 4; lastKnownFileType = sourcecode.cpp.cpp; path = functions.cpp; sourceTree = "<group>"; };
		FA3838071E9603970006F5C2 /* functions.hpp */ = {isa = PBXFileReference; fileEncoding = 4; lastKnownFileType = sourcecode.cpp.h; path = functions.hpp; sourceTree = "<group>"; };
		FAE77D741E8CC4F200342DE7 /* Last Episode */ = {isa = PBXFileReference; explicitFileType = "compiled.mach-o.executable"; includeInIndex = 0; path = "Last Episode"; sourceTree = BUILT_PRODUCTS_DIR; };
		FAE77D771E8CC4F200342DE7 /* main.cpp */ = {isa = PBXFileReference; lastKnownFileType = sourcecode.cpp.cpp; path = main.cpp; sourceTree = "<group>"; };
		FAE77D801E8CC5EC00342DE7 /* cppjieba */ = {isa = PBXFileReference; lastKnownFileType = folder; path = cppjieba; sourceTree = "<group>"; };
		FAE77D811E8CC64C00342DE7 /* dict */ = {isa = PBXFileReference; lastKnownFileType = folder; name = dict; path = ../Build/Products/Debug/dict; sourceTree = "<group>"; };
/* End PBXFileReference section */

/* Begin PBXFrameworksBuildPhase section */
		FAE77D711E8CC4F200342DE7 /* Frameworks */ = {
			isa = PBXFrameworksBuildPhase;
			buildActionMask = 2147483647;
			files = (
			);
			runOnlyForDeploymentPostprocessing = 0;
		};
/* End PBXFrameworksBuildPhase section */

/* Begin PBXGroup section */
		FAE77D6B1E8CC4F200342DE7 = {
			isa = PBXGroup;
			children = (
				FAE77D761E8CC4F200342DE7 /* Last Episode */,
				FAE77D751E8CC4F200342DE7 /* Products */,
			);
			sourceTree = "<group>";
		};
		FAE77D751E8CC4F200342DE7 /* Products */ = {
			isa = PBXGroup;
			children = (
				FAE77D741E8CC4F200342DE7 /* Last Episode */,
			);
			name = Products;
			sourceTree = "<group>";
		};
		FAE77D761E8CC4F200342DE7 /* Last Episode */ = {
			isa = PBXGroup;
			children = (
				FAE77D811E8CC64C00342DE7 /* dict */,
				FAE77D801E8CC5EC00342DE7 /* cppjieba */,
				FAE77D771E8CC4F200342DE7 /* main.cpp */,
				FA3838071E9603970006F5C2 /* functions.hpp */,
				FA3838061E9603970006F5C2 /* functions.cpp */,
			);
			path = "Last Episode";
			sourceTree = "<group>";
		};
/* End PBXGroup section */

/* Begin PBXNativeTarget section */
		FAE77D731E8CC4F200342DE7 /* Last Episode */ = {
			isa = PBXNativeTarget;
			buildConfigurationList = FAE77D7B1E8CC4F200342DE7 /* Build configuration list for PBXNativeTarget "Last Episode" */;
			buildPhases = (
				FAE77D701E8CC4F200342DE7 /* Sources */,
				FAE77D711E8CC4F200342DE7 /* Frameworks */,
				FAE77D721E8CC4F200342DE7 /* CopyFiles */,
			);
			buildRules = (
			);
			dependencies = (
			);
			name = "Last Episode";
			productName = "Last Episode";
			productReference = FAE77D741E8CC4F200342DE7 /* Last Episode */;
			productType = "com.apple.product-type.tool";
		};
/* End PBXNativeTarget section */

/* Begin PBXProject section */
		FAE77D6C1E8CC4F200342DE7 /* Project object */ = {
			isa = PBXProject;
			attributes = {
				LastUpgradeCheck = 0820;
				ORGANIZATIONNAME = "Alex Xu";
				TargetAttributes = {
					FAE77D731E8CC4F200342DE7 = {
						CreatedOnToolsVersion = 8.2.1;
						DevelopmentTeam = 3PG5KF64UE;
						ProvisioningStyle = Automatic;
					};
				};
			};
			buildConfigurationList = FAE77D6F1E8CC4F200342DE7 /* Build configuration list for PBXProject "Last Episode" */;
			compatibilityVersion = "Xcode 3.2";
			developmentRegion = English;
			hasScannedForEncodings = 0;
			knownRegions = (
				en,
			);
			mainGroup = FAE77D6B1E8CC4F200342DE7;
			productRefGroup = FAE77D751E8CC4F200342DE7 /* Products */;
			projectDirPath = "";
			projectRoot = "";
			targets = (
				FAE77D731E8CC4F200342DE7 /* Last Episode */,
			);
		};
/* End PBXProject section */

/* Begin PBXSourcesBuildPhase section */
		FAE77D701E8CC4F200342DE7 /* Sources */ = {
			isa = PBXSourcesBuildPhase;
			buildActionMask = 2147483647;
			files = (
				FAE77D781E8CC4F200342DE7 /* main.cpp in Sources */,
				FA3838081E9603970006F5C2 /* functions.cpp in Sources */,
			);
			runOnlyForDeploymentPostprocessing = 0;
		};
/* End PBXSourcesBuildPhase section */

/* Begin XCBuildConfiguration section */
		FAE77D791E8CC4F200342DE7 /* Debug */ = {
			isa = XCBuildConfiguration;
			buildSettings = {
				ALWAYS_SEARCH_USER_PATHS = NO;
				CLANG_ANALYZER_NONNULL = YES;
				CLANG_CXX_LANGUAGE_STANDARD = "gnu++0x";
				CLANG_CXX_LIBRARY = "libc++";
				CLANG_ENABLE_MODULES = YES;
				CLANG_ENABLE_OBJC_ARC = YES;
				CLANG_WARN_BOOL_CONVERSION = YES;
				CLANG_WARN_CONSTANT_CONVERSION = YES;
				CLANG_WARN_DIRECT_OBJC_ISA_USAGE = YES_ERROR;
				CLANG_WARN_DOCUMENTATION_COMMENTS = YES;
				CLANG_WARN_EMPTY_BODY = YES;
				CLANG_WARN_ENUM_CONVERSION = YES;
				CLANG_WARN_INFINITE_RECURSION = YES;
				CLANG_WARN_INT_CONVERSION = YES;
				CLANG_WARN_OBJC_ROOT_CLASS = YES_ERROR;
				CLANG_WARN_SUSPICIOUS_MOVE = YES;
				CLANG_WARN_UNREACHABLE_CODE = YES;
				CLANG_WARN__DUPLICATE_METHOD_MATCH = YES;
				CODE_SIGN_IDENTITY = "-";
				COPY_PHASE_STRIP = NO;
				DEBUG_INFORMATION_FORMAT = dwarf;
				ENABLE_STRICT_OBJC_MSGSEND = YES;
				ENABLE_TESTABILITY = YES;
				GCC_C_LANGUAGE_STANDARD = gnu99;
				GCC_DYNAMIC_NO_PIC = NO;
				GCC_NO_COMMON_BLOCKS = YES;
				GCC_OPTIMIZATION_LEVEL = 0;
				GCC_PREPROCESSOR_DEFINITIONS = (
					"DEBUG=1",
					"$(inherited)",
				);
				GCC_WARN_64_TO_32_BIT_CONVERSION = YES;
				GCC_WARN_ABOUT_RETURN_TYPE = YES_ERROR;
				GCC_WARN_UNDECLARED_SELECTOR = YES;
				GCC_WARN_UNINITIALIZED_AUTOS = YES_AGGRESSIVE;
				GCC_WARN_UNUSED_FUNCTION = YES;
				GCC_WARN_UNUSED_VARIABLE = YES;
				HEADER_SEARCH_PATHS = /usr/local/include;
				MACOSX_DEPLOYMENT_TARGET = 10.11;
				MTL_ENABLE_DEBUG_INFO = YES;
				ONLY_ACTIVE_ARCH = YES;
				SDKROOT = macosx;
			};
			name = Debug;
		};
		FAE77D7A1E8CC4F200342DE7 /* Release */ = {
			isa = XCBuildConfiguration;
			buildSettings = {
				ALWAYS_SEARCH_USER_PATHS = NO;
				CLANG_ANALYZER_NONNULL = YES;
				CLANG_CXX_LANGUAGE_STANDARD = "gnu++0x";
				CLANG_CXX_LIBRARY = "libc++";
				CLANG_ENABLE_MODULES = YES;
				CLANG_ENABLE_OBJC_ARC = YES;
				CLANG_WARN_BOOL_CONVERSION = YES;
				CLANG_WARN_CONSTANT_CONVERSION = YES;
				CLANG_WARN_DIRECT_OBJC_ISA_USAGE = YES_ERROR;
				CLANG_WARN_DOCUMENTATION_COMMENTS = YES;
				CLANG_WARN_EMPTY_BODY = YES;
				CLANG_WARN_ENUM_CONVERSION = YES;
				CLANG_WARN_INFINITE_RECURSION = YES;
				CLANG_WARN_INT_CONVERSION = YES;
				CLANG_WARN_OBJC_ROOT_CLASS = YES_ERROR;
				CLANG_WARN_SUSPICIOUS_MOVE = YES;
				CLANG_WARN_UNREACHABLE_CODE = YES;
				CLANG_WARN__DUPLICATE_METHOD_MATCH = YES;
				CODE_SIGN_IDENTITY = "-";
				COPY_PHASE_STRIP = NO;
				DEBUG_INFORMATION_FORMAT = "dwarf-with-dsym";
				ENABLE_NS_ASSERTIONS = NO;
				ENABLE_STRICT_OBJC_MSGSEND = YES;
				GCC_C_LANGUAGE_STANDARD = gnu99;
				GCC_NO_COMMON_BLOCKS = YES;
				GCC_WARN_64_TO_32_BIT_CONVERSION = YES;
				GCC_WARN_ABOUT_RETURN_TYPE = YES_ERROR;
				GCC_WARN_UNDECLARED_SELECTOR = YES;
				GCC_WARN_UNINITIALIZED_AUTOS = YES_AGGRESSIVE;
				GCC_WARN_UNUSED_FUNCTION = YES;
				GCC_WARN_UNUSED_VARIABLE = YES;
				HEADER_SEARCH_PATHS = /usr/local/include;
				MACOSX_DEPLOYMENT_TARGET = 10.11;
				MTL_ENABLE_DEBUG_INFO = NO;
				SDKROOT = macosx;
			};
			name = Release;
		};
		FAE77D7C1E8CC4F200342DE7 /* Debug */ = {
			isa = XCBuildConfiguration;
			buildSettings = {
				DEVELOPMENT_TEAM = 3PG5KF64UE;
				PRODUCT_NAME = "$(TARGET_NAME)";
			};
			name = Debug;
		};
		FAE77D7D1E8CC4F200342DE7 /* Release */ = {
			isa = XCBuildConfiguration;
			buildSettings = {
				DEVELOPMENT_TEAM = 3PG5KF64UE;
				PRODUCT_NAME = "$(TARGET_NAME)";
			};
			name = Release;
		};
/* End XCBuildConfiguration section */

/* Begin XCConfigurationList section */
		FAE77D6F1E8CC4F200342DE7 /* Build configuration list for PBXProject "Last Episode" */ = {
			isa = XCConfigurationList;
			buildConfigurations = (
				FAE77D791E8CC4F200342DE7 /* Debug */,
				FAE77D7A1E8CC4F200342DE7 /* Release */,
			);
			defaultConfigurationIsVisible = 0;
			defaultConfigurationName = Release;
		};
		FAE77D7B1E8CC4F200342DE7 /* Build configuration list for PBXNativeTarget "Last Episode" */ = {
			isa = XCConfigurationList;
			buildConfigurations = (
				FAE77D7C1E8CC4F200342DE7 /* Debug */,
				FAE77D7D1E8CC4F200342DE7 /* Release */,
			);
			defaultConfigurationIsVisible = 0;
			defaultConfigurationName = Release;
		};
/* End XCConfigurationList section */
	};
	rootObject = FAE77D6C1E8CC4F200342DE7 /* Project object */;
}
